
Microsoft Visual Studio Solution File, Format Version 12.00
# Visual Studio 14
VisualStudioVersion = 14.0.25420.1
MinimumVisualStudioVersion = 10.0.40219.1
Project("{E24C65DC-7377-472B-9ABA-BC803B73C61A}") = "GroupHub", "GroupHub\", "{2569D077-5410-4D2D-8D50-78E8F9036033}"
	ProjectSection(WebsiteProperties) = preProject
		TargetFrameworkMoniker = ".NETFramework,Version%3Dv4.5.2"
		Debug.AspNetCompiler.VirtualPath = "/localhost_32544"
		Debug.AspNetCompiler.PhysicalPath = "GroupHub\"
		Debug.AspNetCompiler.TargetPath = "PrecompiledWeb\localhost_32544\"
		Debug.AspNetCompiler.Updateable = "true"
		Debug.AspNetCompiler.ForceOverwrite = "true"
		Debug.AspNetCompiler.FixedNames = "false"
		Debug.AspNetCompiler.Debug = "True"
		Release.AspNetCompiler.VirtualPath = "/localhost_32544"
		Release.AspNetCompiler.PhysicalPath = "GroupHub\"
		Release.AspNetCompiler.TargetPath = "PrecompiledWeb\localhost_32544\"
		Release.AspNetCompiler.Updateable = "true"
		Release.AspNetCompiler.ForceOverwrite = "true"
		Release.AspNetCompiler.FixedNames = "false"
		Release.AspNetCompiler.Debug = "False"
		VWDPort = "32544"
		SlnRelativePath = "GroupHub\"
		DefaultWebSiteLanguage = "Visual C#"
	EndProjectSection
EndProject
Project("{FAE04EC0-301F-11D3-BF4B-00C04F79EFBC}") = "GroupHub.Core", "GroupHub.Core\GroupHub.Core.csproj", "{C56ACFA5-C5F1-4202-AD32-03EC9D77D361}"
EndProject
Project("{FAE04EC0-301F-11D3-BF4B-00C04F79EFBC}") = "GroupHub.Common", "GroupHub.Common\GroupHub.Common.csproj", "{06C02F3A-4C39-457E-A0AA-3C5218C0B7C0}"
EndProject
Project("{FAE04EC0-301F-11D3-BF4B-00C04F79EFBC}") = "GroupHub.Configuration", "GroupHub.Configuration\GroupHub.Configuration.csproj", "{2CAF82C8-3626-427B-96D6-F9C7B73809DB}"
EndProject
Project("{FAE04EC0-301F-11D3-BF4B-00C04F79EFBC}") = "GroupHub.Data", "GroupHub.Data\GroupHub.Data.csproj", "{DA031B1F-6A15-4338-AB73-0E1670E4FB9F}"
EndProject
Project("{FAE04EC0-301F-11D3-BF4B-00C04F79EFBC}") = "GroupHub.Services", "GroupHub.Services\GroupHub.Services.csproj", "{50AA2B06-3281-47E5-BE77-4DC1C2F0E273}"
EndProject
Project("{FAE04EC0-301F-11D3-BF4B-00C04F79EFBC}") = "GroupHub.Apis", "GroupHub.Apis\GroupHub.Apis.csproj", "{E0464D91-ADFF-483B-9534-FE421FB8ACB7}"
EndProject
Global
	GlobalSection(SolutionConfigurationPlatforms) = preSolution
		Debug|Any CPU = Debug|Any CPU
		Release|Any CPU = Release|Any CPU
	EndGlobalSection
	GlobalSection(ProjectConfigurationPlatforms) = postSolution
		{2569D077-5410-4D2D-8D50-78E8F9036033}.Debug|Any CPU.ActiveCfg = Debug|Any CPU
		{2569D077-5410-4D2D-8D50-78E8F9036033}.Debug|Any CPU.Build.0 = Debug|Any CPU
		{2569D077-5410-4D2D-8D50-78E8F9036033}.Release|Any CPU.ActiveCfg = Debug|Any CPU
		{2569D077-5410-4D2D-8D50-78E8F9036033}.Release|Any CPU.Build.0 = Debug|Any CPU
		{C56ACFA5-C5F1-4202-AD32-03EC9D77D361}.Debug|Any CPU.ActiveCfg = Debug|Any CPU
		{C56ACFA5-C5F1-4202-AD32-03EC9D77D361}.Debug|Any CPU.Build.0 = Debug|Any CPU
		{C56ACFA5-C5F1-4202-AD32-03EC9D77D361}.Release|Any CPU.ActiveCfg = Release|Any CPU
		{C56ACFA5-C5F1-4202-AD32-03EC9D77D361}.Release|Any CPU.Build.0 = Release|Any CPU
		{06C02F3A-4C39-457E-A0AA-3C5218C0B7C0}.Debug|Any CPU.ActiveCfg = Debug|Any CPU
		{06C02F3A-4C39-457E-A0AA-3C5218C0B7C0}.Debug|Any CPU.Build.0 = Debug|Any CPU
		{06C02F3A-4C39-457E-A0AA-3C5218C0B7C0}.Release|Any CPU.ActiveCfg = Release|Any CPU
		{06C02F3A-4C39-457E-A0AA-3C5218C0B7C0}.Release|Any CPU.Build.0 = Release|Any CPU
		{2CAF82C8-3626-427B-96D6-F9C7B73809DB}.Debug|Any CPU.ActiveCfg = Debug|Any CPU
		{2CAF82C8-3626-427B-96D6-F9C7B73809DB}.Debug|Any CPU.Build.0 = Debug|Any CPU
		{2CAF82C8-3626-427B-96D6-F9C7B73809DB}.Release|Any CPU.ActiveCfg = Release|Any CPU
		{2CAF82C8-3626-427B-96D6-F9C7B73809DB}.Release|Any CPU.Build.0 = Release|Any CPU
		{DA031B1F-6A15-4338-AB73-0E1670E4FB9F}.Debug|Any CPU.ActiveCfg = Debug|Any CPU
		{DA031B1F-6A15-4338-AB73-0E1670E4FB9F}.Debug|Any CPU.Build.0 = Debug|Any CPU
		{DA031B1F-6A15-4338-AB73-0E1670E4FB9F}.Release|Any CPU.ActiveCfg = Release|Any CPU
		{DA031B1F-6A15-4338-AB73-0E1670E4FB9F}.Release|Any CPU.Build.0 = Release|Any CPU
		{50AA2B06-3281-47E5-BE77-4DC1C2F0E273}.Debug|Any CPU.ActiveCfg = Debug|Any CPU
		{50AA2B06-3281-47E5-BE77-4DC1C2F0E273}.Debug|Any CPU.Build.0 = Debug|Any CPU
		{50AA2B06-3281-47E5-BE77-4DC1C2F0E273}.Release|Any CPU.ActiveCfg = Release|Any CPU
		{50AA2B06-3281-47E5-BE77-4DC1C2F0E273}.Release|Any CPU.Build.0 = Release|Any CPU
		{E0464D91-ADFF-483B-9534-FE421FB8ACB7}.Debug|Any CPU.ActiveCfg = Debug|Any CPU
		{E0464D91-ADFF-483B-9534-FE421FB8ACB7}.Debug|Any CPU.Build.0 = Debug|Any CPU
		{E0464D91-ADFF-483B-9534-FE421FB8ACB7}.Release|Any CPU.ActiveCfg = Release|Any CPU
		{E0464D91-ADFF-483B-9534-FE421FB8ACB7}.Release|Any CPU.Build.0 = Release|Any CPU
	EndGlobalSection
	GlobalSection(SolutionProperties) = preSolution
		HideSolutionNode = FALSE
	EndGlobalSection
EndGlobal
